
Microsoft Visual Studio Solution File, Format Version 12.00
# Visual Studio Version 17
VisualStudioVersion = 17.2.32630.192
MinimumVisualStudioVersion = 10.0.40219.1
Project("{FAE04EC0-301F-11D3-BF4B-00C04F79EFBC}") = "FIT5032_ASS2", "FIT5032_ASS2\FIT5032_ASS2.csproj", "{33DCDB93-C9B5-4499-90B8-9B87FA2CED4D}"
EndProject
Global
	GlobalSection(SolutionConfigurationPlatforms) = preSolution
		Debug|Any CPU = Debug|Any CPU
		Release|Any CPU = Release|Any CPU
	EndGlobalSection
	GlobalSection(ProjectConfigurationPlatforms) = postSolution
		{33DCDB93-C9B5-4499-90B8-9B87FA2CED4D}.Debug|Any CPU.ActiveCfg = Debug|Any CPU
		{33DCDB93-C9B5-4499-90B8-9B87FA2CED4D}.Debug|Any CPU.Build.0 = Debug|Any CPU
		{33DCDB93-C9B5-4499-90B8-9B87FA2CED4D}.Release|Any CPU.ActiveCfg = Release|Any CPU
		{33DCDB93-C9B5-4499-90B8-9B87FA2CED4D}.Release|Any CPU.Build.0 = Release|Any CPU
	EndGlobalSection
	GlobalSection(SolutionProperties) = preSolution
		HideSolutionNode = FALSE
	EndGlobalSection
	GlobalSection(ExtensibilityGlobals) = postSolution
		SolutionGuid = {8CCBA2EA-6C89-4A92-B9B0-D81710F982D2}
	EndGlobalSection
EndGlobal
