
Microsoft Visual Studio Solution File, Format Version 12.00
# Visual Studio Version 17
VisualStudioVersion = 17.2.32630.192
MinimumVisualStudioVersion = 10.0.40219.1
Project("{FAE04EC0-301F-11D3-BF4B-00C04F79EFBC}") = "FIT5032_MyFirstAPI", "FIT5032_MyFirstAPI\FIT5032_MyFirstAPI.csproj", "{22AB5742-CD86-4576-BF22-7447F793B9B1}"
EndProject
Global
	GlobalSection(SolutionConfigurationPlatforms) = preSolution
		Debug|Any CPU = Debug|Any CPU
		Release|Any CPU = Release|Any CPU
	EndGlobalSection
	GlobalSection(ProjectConfigurationPlatforms) = postSolution
		{22AB5742-CD86-4576-BF22-7447F793B9B1}.Debug|Any CPU.ActiveCfg = Debug|Any CPU
		{22AB5742-CD86-4576-BF22-7447F793B9B1}.Debug|Any CPU.Build.0 = Debug|Any CPU
		{22AB5742-CD86-4576-BF22-7447F793B9B1}.Release|Any CPU.ActiveCfg = Release|Any CPU
		{22AB5742-CD86-4576-BF22-7447F793B9B1}.Release|Any CPU.Build.0 = Release|Any CPU
	EndGlobalSection
	GlobalSection(SolutionProperties) = preSolution
		HideSolutionNode = FALSE
	EndGlobalSection
	GlobalSection(ExtensibilityGlobals) = postSolution
		SolutionGuid = {729A1EE8-713B-4ABB-9E2F-F4F9509C596F}
	EndGlobalSection
EndGlobal
